
Microsoft Visual Studio Solution File, Format Version 12.00
# Visual Studio Version 17
VisualStudioVersion = 17.14.36518.9
MinimumVisualStudioVersion = 10.0.40219.1
Project("{FAE04EC0-301F-11D3-BF4B-00C04F79EFBC}") = "Trip.WebApi", "Trip.WebApi\Trip.WebApi.csproj", "{F41517CD-5E63-4376-B036-7912D47F5064}"
EndProject
Project("{FAE04EC0-301F-11D3-BF4B-00C04F79EFBC}") = "Trip.Data", "Trip.Data\Trip.Data.csproj", "{CA86367E-4530-4992-9C7B-330E5BFDC794}"
EndProject
Project("{FAE04EC0-301F-11D3-BF4B-00C04F79EFBC}") = "Trip.Services", "Trip.Services\Trip.Services.csproj", "{AC933852-222B-4038-BD86-7F60AE85D328}"
EndProject
Global
	GlobalSection(SolutionConfigurationPlatforms) = preSolution
		Debug|Any CPU = Debug|Any CPU
		Release|Any CPU = Release|Any CPU
	EndGlobalSection
	GlobalSection(ProjectConfigurationPlatforms) = postSolution
		{F41517CD-5E63-4376-B036-7912D47F5064}.Debug|Any CPU.ActiveCfg = Debug|Any CPU
		{F41517CD-5E63-4376-B036-7912D47F5064}.Debug|Any CPU.Build.0 = Debug|Any CPU
		{F41517CD-5E63-4376-B036-7912D47F5064}.Release|Any CPU.ActiveCfg = Release|Any CPU
		{F41517CD-5E63-4376-B036-7912D47F5064}.Release|Any CPU.Build.0 = Release|Any CPU
		{CA86367E-4530-4992-9C7B-330E5BFDC794}.Debug|Any CPU.ActiveCfg = Debug|Any CPU
		{CA86367E-4530-4992-9C7B-330E5BFDC794}.Debug|Any CPU.Build.0 = Debug|Any CPU
		{CA86367E-4530-4992-9C7B-330E5BFDC794}.Release|Any CPU.ActiveCfg = Release|Any CPU
		{CA86367E-4530-4992-9C7B-330E5BFDC794}.Release|Any CPU.Build.0 = Release|Any CPU
		{AC933852-222B-4038-BD86-7F60AE85D328}.Debug|Any CPU.ActiveCfg = Debug|Any CPU
		{AC933852-222B-4038-BD86-7F60AE85D328}.Debug|Any CPU.Build.0 = Debug|Any CPU
		{AC933852-222B-4038-BD86-7F60AE85D328}.Release|Any CPU.ActiveCfg = Release|Any CPU
		{AC933852-222B-4038-BD86-7F60AE85D328}.Release|Any CPU.Build.0 = Release|Any CPU
	EndGlobalSection
	GlobalSection(SolutionProperties) = preSolution
		HideSolutionNode = FALSE
	EndGlobalSection
	GlobalSection(ExtensibilityGlobals) = postSolution
		SolutionGuid = {BC7B83DD-CF39-4972-A382-17C665F74E14}
	EndGlobalSection
EndGlobal
